
Microsoft Visual Studio Solution File, Format Version 12.00
# Visual Studio 15
VisualStudioVersion = 15.0.26730.3
MinimumVisualStudioVersion = 10.0.40219.1
Project("{FAE04EC0-301F-11D3-BF4B-00C04F79EFBC}") = "Demo.AspNetCore.Mvc.CosmosDB", "Demo.AspNetCore.Mvc.CosmosDB\Demo.AspNetCore.Mvc.CosmosDB.csproj", "{716D1478-C42B-4ADD-9166-26F6696B49C6}"
EndProject
Global
	GlobalSection(SolutionConfigurationPlatforms) = preSolution
		Debug|Any CPU = Debug|Any CPU
		Release|Any CPU = Release|Any CPU
	EndGlobalSection
	GlobalSection(ProjectConfigurationPlatforms) = postSolution
		{716D1478-C42B-4ADD-9166-26F6696B49C6}.Debug|Any CPU.ActiveCfg = Debug|Any CPU
		{716D1478-C42B-4ADD-9166-26F6696B49C6}.Debug|Any CPU.Build.0 = Debug|Any CPU
		{716D1478-C42B-4ADD-9166-26F6696B49C6}.Release|Any CPU.ActiveCfg = Release|Any CPU
		{716D1478-C42B-4ADD-9166-26F6696B49C6}.Release|Any CPU.Build.0 = Release|Any CPU
	EndGlobalSection
	GlobalSection(SolutionProperties) = preSolution
		HideSolutionNode = FALSE
	EndGlobalSection
	GlobalSection(ExtensibilityGlobals) = postSolution
		SolutionGuid = {4153CB45-161A-45B6-9974-58A97B09123A}
	EndGlobalSection
EndGlobal
